
Microsoft Visual Studio Solution File, Format Version 12.00
# Visual Studio 14
VisualStudioVersion = 14.0.24720.0
MinimumVisualStudioVersion = 10.0.40219.1
Project("{FAE04EC0-301F-11D3-BF4B-00C04F79EFBC}") = "complex.cs", "complex.cs\complex.cs.csproj", "{CAE0848B-6392-4309-9260-99DE3FA65507}"
EndProject
Global
	GlobalSection(SolutionConfigurationPlatforms) = preSolution
		Debug|Any CPU = Debug|Any CPU
		Release|Any CPU = Release|Any CPU
	EndGlobalSection
	GlobalSection(ProjectConfigurationPlatforms) = postSolution
		{CAE0848B-6392-4309-9260-99DE3FA65507}.Debug|Any CPU.ActiveCfg = Debug|Any CPU
		{CAE0848B-6392-4309-9260-99DE3FA65507}.Debug|Any CPU.Build.0 = Debug|Any CPU
		{CAE0848B-6392-4309-9260-99DE3FA65507}.Release|Any CPU.ActiveCfg = Release|Any CPU
		{CAE0848B-6392-4309-9260-99DE3FA65507}.Release|Any CPU.Build.0 = Release|Any CPU
	EndGlobalSection
	GlobalSection(SolutionProperties) = preSolution
		HideSolutionNode = FALSE
	EndGlobalSection
EndGlobal
